
Microsoft Visual Studio Solution File, Format Version 12.00
# Visual Studio Version 17
VisualStudioVersion = 17.11.35222.181
MinimumVisualStudioVersion = 10.0.40219.1
Project("{2150E333-8FDC-42A3-9474-1A3956D46DE8}") = "FrontEnd", "FrontEnd", "{4BCFFF3A-70B0-4498-B683-C4CE1683478F}"
EndProject
Project("{2150E333-8FDC-42A3-9474-1A3956D46DE8}") = "Gateway", "Gateway", "{990E959D-4091-4753-A21B-6E7DB359EA61}"
EndProject
Project("{2150E333-8FDC-42A3-9474-1A3956D46DE8}") = "Integration", "Integration", "{8F51ED9B-CBCF-48AF-92EB-7394E2E9BA5B}"
EndProject
Project("{2150E333-8FDC-42A3-9474-1A3956D46DE8}") = "Services", "Services", "{52B9288A-852D-4C77-AD6A-1FC3E3A3E09B}"
EndProject
Project("{9A19103F-16F7-4668-BE54-9A1E7A4F7556}") = "CBS.Services.CouponAPI", "CBS.Services.CouponAPI\CBS.Services.CouponAPI.csproj", "{C89AB388-7886-4CD0-8C37-6E06DBCB85BD}"
EndProject
Project("{9A19103F-16F7-4668-BE54-9A1E7A4F7556}") = "CBS.Web", "CBS.Web\CBS.Web.csproj", "{72CA2E36-3431-45E4-A0B3-E87CA0DF8C46}"
EndProject
Project("{9A19103F-16F7-4668-BE54-9A1E7A4F7556}") = "CBS.Services.AuthAPI", "CBS.Services.AuthAPI\CBS.Services.AuthAPI.csproj", "{1E5FD09A-4EA7-4DCA-87CC-2564F6E2768B}"
EndProject
Project("{9A19103F-16F7-4668-BE54-9A1E7A4F7556}") = "CBS.Services.ProductAPI", "CBS.Services.ProductAPI\CBS.Services.ProductAPI.csproj", "{9F041C45-4DFB-4B33-962D-0F8CA1C63555}"
EndProject
Project("{9A19103F-16F7-4668-BE54-9A1E7A4F7556}") = "CBS.Services.ShoppingCartAPI", "CBS.Services.ShoppingCartAPI\CBS.Services.ShoppingCartAPI.csproj", "{F2AD94D9-41FB-44C2-A44E-5F001CFCC329}"
EndProject
Project("{9A19103F-16F7-4668-BE54-9A1E7A4F7556}") = "CBS.MessageBus", "CBS.MessageBus\CBS.MessageBus.csproj", "{413196A4-A615-40D2-B916-41ED646EA670}"
EndProject
Project("{9A19103F-16F7-4668-BE54-9A1E7A4F7556}") = "CBS.EmailAPI", "CBS.EmailAPI\CBS.EmailAPI.csproj", "{AB5B4709-EB2A-48E7-ADA6-7D2FD0A85C19}"
EndProject
Project("{9A19103F-16F7-4668-BE54-9A1E7A4F7556}") = "CBS.Services.OrderAPI", "CBS.Services.OrderAPI\CBS.Services.OrderAPI.csproj", "{45B2C2B5-2FC8-472E-B0ED-8602B7F242DB}"
EndProject
Global
	GlobalSection(SolutionConfigurationPlatforms) = preSolution
		Debug|Any CPU = Debug|Any CPU
		Release|Any CPU = Release|Any CPU
	EndGlobalSection
	GlobalSection(ProjectConfigurationPlatforms) = postSolution
		{C89AB388-7886-4CD0-8C37-6E06DBCB85BD}.Debug|Any CPU.ActiveCfg = Debug|Any CPU
		{C89AB388-7886-4CD0-8C37-6E06DBCB85BD}.Debug|Any CPU.Build.0 = Debug|Any CPU
		{C89AB388-7886-4CD0-8C37-6E06DBCB85BD}.Release|Any CPU.ActiveCfg = Release|Any CPU
		{C89AB388-7886-4CD0-8C37-6E06DBCB85BD}.Release|Any CPU.Build.0 = Release|Any CPU
		{72CA2E36-3431-45E4-A0B3-E87CA0DF8C46}.Debug|Any CPU.ActiveCfg = Debug|Any CPU
		{72CA2E36-3431-45E4-A0B3-E87CA0DF8C46}.Debug|Any CPU.Build.0 = Debug|Any CPU
		{72CA2E36-3431-45E4-A0B3-E87CA0DF8C46}.Release|Any CPU.ActiveCfg = Release|Any CPU
		{72CA2E36-3431-45E4-A0B3-E87CA0DF8C46}.Release|Any CPU.Build.0 = Release|Any CPU
		{1E5FD09A-4EA7-4DCA-87CC-2564F6E2768B}.Debug|Any CPU.ActiveCfg = Debug|Any CPU
		{1E5FD09A-4EA7-4DCA-87CC-2564F6E2768B}.Debug|Any CPU.Build.0 = Debug|Any CPU
		{1E5FD09A-4EA7-4DCA-87CC-2564F6E2768B}.Release|Any CPU.ActiveCfg = Release|Any CPU
		{1E5FD09A-4EA7-4DCA-87CC-2564F6E2768B}.Release|Any CPU.Build.0 = Release|Any CPU
		{9F041C45-4DFB-4B33-962D-0F8CA1C63555}.Debug|Any CPU.ActiveCfg = Debug|Any CPU
		{9F041C45-4DFB-4B33-962D-0F8CA1C63555}.Debug|Any CPU.Build.0 = Debug|Any CPU
		{9F041C45-4DFB-4B33-962D-0F8CA1C63555}.Release|Any CPU.ActiveCfg = Release|Any CPU
		{9F041C45-4DFB-4B33-962D-0F8CA1C63555}.Release|Any CPU.Build.0 = Release|Any CPU
		{F2AD94D9-41FB-44C2-A44E-5F001CFCC329}.Debug|Any CPU.ActiveCfg = Debug|Any CPU
		{F2AD94D9-41FB-44C2-A44E-5F001CFCC329}.Debug|Any CPU.Build.0 = Debug|Any CPU
		{F2AD94D9-41FB-44C2-A44E-5F001CFCC329}.Release|Any CPU.ActiveCfg = Release|Any CPU
		{F2AD94D9-41FB-44C2-A44E-5F001CFCC329}.Release|Any CPU.Build.0 = Release|Any CPU
		{413196A4-A615-40D2-B916-41ED646EA670}.Debug|Any CPU.ActiveCfg = Debug|Any CPU
		{413196A4-A615-40D2-B916-41ED646EA670}.Debug|Any CPU.Build.0 = Debug|Any CPU
		{413196A4-A615-40D2-B916-41ED646EA670}.Release|Any CPU.ActiveCfg = Release|Any CPU
		{413196A4-A615-40D2-B916-41ED646EA670}.Release|Any CPU.Build.0 = Release|Any CPU
		{AB5B4709-EB2A-48E7-ADA6-7D2FD0A85C19}.Debug|Any CPU.ActiveCfg = Debug|Any CPU
		{AB5B4709-EB2A-48E7-ADA6-7D2FD0A85C19}.Debug|Any CPU.Build.0 = Debug|Any CPU
		{AB5B4709-EB2A-48E7-ADA6-7D2FD0A85C19}.Release|Any CPU.ActiveCfg = Release|Any CPU
		{AB5B4709-EB2A-48E7-ADA6-7D2FD0A85C19}.Release|Any CPU.Build.0 = Release|Any CPU
		{45B2C2B5-2FC8-472E-B0ED-8602B7F242DB}.Debug|Any CPU.ActiveCfg = Debug|Any CPU
		{45B2C2B5-2FC8-472E-B0ED-8602B7F242DB}.Debug|Any CPU.Build.0 = Debug|Any CPU
		{45B2C2B5-2FC8-472E-B0ED-8602B7F242DB}.Release|Any CPU.ActiveCfg = Release|Any CPU
		{45B2C2B5-2FC8-472E-B0ED-8602B7F242DB}.Release|Any CPU.Build.0 = Release|Any CPU
	EndGlobalSection
	GlobalSection(SolutionProperties) = preSolution
		HideSolutionNode = FALSE
	EndGlobalSection
	GlobalSection(NestedProjects) = preSolution
		{C89AB388-7886-4CD0-8C37-6E06DBCB85BD} = {52B9288A-852D-4C77-AD6A-1FC3E3A3E09B}
		{72CA2E36-3431-45E4-A0B3-E87CA0DF8C46} = {4BCFFF3A-70B0-4498-B683-C4CE1683478F}
		{1E5FD09A-4EA7-4DCA-87CC-2564F6E2768B} = {52B9288A-852D-4C77-AD6A-1FC3E3A3E09B}
		{9F041C45-4DFB-4B33-962D-0F8CA1C63555} = {52B9288A-852D-4C77-AD6A-1FC3E3A3E09B}
		{F2AD94D9-41FB-44C2-A44E-5F001CFCC329} = {52B9288A-852D-4C77-AD6A-1FC3E3A3E09B}
		{413196A4-A615-40D2-B916-41ED646EA670} = {8F51ED9B-CBCF-48AF-92EB-7394E2E9BA5B}
		{AB5B4709-EB2A-48E7-ADA6-7D2FD0A85C19} = {52B9288A-852D-4C77-AD6A-1FC3E3A3E09B}
		{45B2C2B5-2FC8-472E-B0ED-8602B7F242DB} = {52B9288A-852D-4C77-AD6A-1FC3E3A3E09B}
	EndGlobalSection
	GlobalSection(ExtensibilityGlobals) = postSolution
		SolutionGuid = {508139DB-91D6-4A1B-8C32-2B639B37A23C}
	EndGlobalSection
EndGlobal
